go.uber.org/automaxprocs v1.5.2 h1:2LxUOGiR3O6tw8ui5sZa2LAaHnsviZdVOUZw4fvbnME=
go.uber.org/automaxprocs v1.5.2/go.mod h1:eRbA25aqJrxAbsLO0xy5jVwPt7FQnRgjW+efnwa1WM0=
golang.org/x/crypto v0.9.0 h1:LF6fAI+IutBocDJ2OT0Q1g8plpYljMZ4+lty+dsqw3g=
golang.org/x/crypto v0.9.0/go.mod h1:yrmDGqONDYtNj3tH8X9dzUun2m2lzPa9ngI6/RUPGR0=
